
Microsoft Visual Studio Solution File, Format Version 12.00
# Visual Studio Version 17
VisualStudioVersion = 17.9.34616.47
MinimumVisualStudioVersion = 10.0.40219.1
Project("{FAE04EC0-301F-11D3-BF4B-00C04F79EFBC}") = "Presentation_Layer", "BloodBankManagement\Presentation_Layer.csproj", "{65D70B1D-C099-4CB7-9030-D0E660D9CB6E}"
EndProject
Project("{FAE04EC0-301F-11D3-BF4B-00C04F79EFBC}") = "DAL", "DAL\DAL.csproj", "{D4CEC07F-5387-4D47-8DF8-CE27FCA2E8E0}"
EndProject
Project("{FAE04EC0-301F-11D3-BF4B-00C04F79EFBC}") = "DTO", "DTO\DTO.csproj", "{28AE0657-B73A-46C3-A270-28C86F7C823E}"
EndProject
Project("{FAE04EC0-301F-11D3-BF4B-00C04F79EFBC}") = "BUS", "BUS\BUS.csproj", "{8EF1C09F-5607-49F8-B08C-C1EB0F4AAE74}"
EndProject
Project("{2150E333-8FDC-42A3-9474-1A3956D46DE8}") = "Data", "Data", "{02EA681E-C7D8-13C7-8484-4AC65E1B71E8}"
	ProjectSection(SolutionItems) = preProject
<<<<<<< HEAD
		BloodRequirement.sql = BloodRequirement.sql
=======
		BloodStock.sql = BloodStock.sql
>>>>>>> origin/lastest
	EndProjectSection
EndProject
Project("{2150E333-8FDC-42A3-9474-1A3956D46DE8}") = "Solution Items", "Solution Items", "{170087AF-68B6-4D4C-950C-5AC1969108DC}"
	ProjectSection(SolutionItems) = preProject
		BloodBank.sql = BloodBank.sql
	EndProjectSection
EndProject
Global
	GlobalSection(SolutionConfigurationPlatforms) = preSolution
		Debug|Any CPU = Debug|Any CPU
		Release|Any CPU = Release|Any CPU
	EndGlobalSection
	GlobalSection(ProjectConfigurationPlatforms) = postSolution
		{65D70B1D-C099-4CB7-9030-D0E660D9CB6E}.Debug|Any CPU.ActiveCfg = Debug|Any CPU
		{65D70B1D-C099-4CB7-9030-D0E660D9CB6E}.Debug|Any CPU.Build.0 = Debug|Any CPU
		{65D70B1D-C099-4CB7-9030-D0E660D9CB6E}.Release|Any CPU.ActiveCfg = Release|Any CPU
		{65D70B1D-C099-4CB7-9030-D0E660D9CB6E}.Release|Any CPU.Build.0 = Release|Any CPU
		{D4CEC07F-5387-4D47-8DF8-CE27FCA2E8E0}.Debug|Any CPU.ActiveCfg = Debug|Any CPU
		{D4CEC07F-5387-4D47-8DF8-CE27FCA2E8E0}.Debug|Any CPU.Build.0 = Debug|Any CPU
		{D4CEC07F-5387-4D47-8DF8-CE27FCA2E8E0}.Release|Any CPU.ActiveCfg = Release|Any CPU
		{D4CEC07F-5387-4D47-8DF8-CE27FCA2E8E0}.Release|Any CPU.Build.0 = Release|Any CPU
		{28AE0657-B73A-46C3-A270-28C86F7C823E}.Debug|Any CPU.ActiveCfg = Debug|Any CPU
		{28AE0657-B73A-46C3-A270-28C86F7C823E}.Debug|Any CPU.Build.0 = Debug|Any CPU
		{28AE0657-B73A-46C3-A270-28C86F7C823E}.Release|Any CPU.ActiveCfg = Release|Any CPU
		{28AE0657-B73A-46C3-A270-28C86F7C823E}.Release|Any CPU.Build.0 = Release|Any CPU
		{8EF1C09F-5607-49F8-B08C-C1EB0F4AAE74}.Debug|Any CPU.ActiveCfg = Debug|Any CPU
		{8EF1C09F-5607-49F8-B08C-C1EB0F4AAE74}.Debug|Any CPU.Build.0 = Debug|Any CPU
		{8EF1C09F-5607-49F8-B08C-C1EB0F4AAE74}.Release|Any CPU.ActiveCfg = Release|Any CPU
		{8EF1C09F-5607-49F8-B08C-C1EB0F4AAE74}.Release|Any CPU.Build.0 = Release|Any CPU
	EndGlobalSection
	GlobalSection(SolutionProperties) = preSolution
		HideSolutionNode = FALSE
	EndGlobalSection
	GlobalSection(ExtensibilityGlobals) = postSolution
		SolutionGuid = {FB43D1CC-A9D1-4E30-BE08-6618F2203149}
	EndGlobalSection
EndGlobal
