
Microsoft Visual Studio Solution File, Format Version 12.00
# Visual Studio Version 17
VisualStudioVersion = 17.9.34616.47
MinimumVisualStudioVersion = 10.0.40219.1
Project("{FAE04EC0-301F-11D3-BF4B-00C04F79EFBC}") = "Presentation_Layer", "BloodBankManagement\Presentation_Layer.csproj", "{65D70B1D-C099-4CB7-9030-D0E660D9CB6E}"
EndProject
Project("{FAE04EC0-301F-11D3-BF4B-00C04F79EFBC}") = "BUS", "BUS\BUS.csproj", "{1F542E89-7351-4D53-9401-3743741C50DA}"
EndProject
Project("{FAE04EC0-301F-11D3-BF4B-00C04F79EFBC}") = "DAL", "DAL\DAL.csproj", "{5C3FA2DD-9D6A-4455-8E84-D0CDFB54BAC2}"
EndProject
Project("{FAE04EC0-301F-11D3-BF4B-00C04F79EFBC}") = "DTO", "DTO\DTO.csproj", "{9B12CFBD-A66D-40EB-9444-92D820E2BDCB}"
EndProject
Global
	GlobalSection(SolutionConfigurationPlatforms) = preSolution
		Debug|Any CPU = Debug|Any CPU
		Release|Any CPU = Release|Any CPU
	EndGlobalSection
	GlobalSection(ProjectConfigurationPlatforms) = postSolution
		{65D70B1D-C099-4CB7-9030-D0E660D9CB6E}.Debug|Any CPU.ActiveCfg = Debug|Any CPU
		{65D70B1D-C099-4CB7-9030-D0E660D9CB6E}.Debug|Any CPU.Build.0 = Debug|Any CPU
		{65D70B1D-C099-4CB7-9030-D0E660D9CB6E}.Release|Any CPU.ActiveCfg = Release|Any CPU
		{65D70B1D-C099-4CB7-9030-D0E660D9CB6E}.Release|Any CPU.Build.0 = Release|Any CPU
		{1F542E89-7351-4D53-9401-3743741C50DA}.Debug|Any CPU.ActiveCfg = Debug|Any CPU
		{1F542E89-7351-4D53-9401-3743741C50DA}.Debug|Any CPU.Build.0 = Debug|Any CPU
		{1F542E89-7351-4D53-9401-3743741C50DA}.Release|Any CPU.ActiveCfg = Release|Any CPU
		{1F542E89-7351-4D53-9401-3743741C50DA}.Release|Any CPU.Build.0 = Release|Any CPU
		{5C3FA2DD-9D6A-4455-8E84-D0CDFB54BAC2}.Debug|Any CPU.ActiveCfg = Debug|Any CPU
		{5C3FA2DD-9D6A-4455-8E84-D0CDFB54BAC2}.Debug|Any CPU.Build.0 = Debug|Any CPU
		{5C3FA2DD-9D6A-4455-8E84-D0CDFB54BAC2}.Release|Any CPU.ActiveCfg = Release|Any CPU
		{5C3FA2DD-9D6A-4455-8E84-D0CDFB54BAC2}.Release|Any CPU.Build.0 = Release|Any CPU
		{9B12CFBD-A66D-40EB-9444-92D820E2BDCB}.Debug|Any CPU.ActiveCfg = Debug|Any CPU
		{9B12CFBD-A66D-40EB-9444-92D820E2BDCB}.Debug|Any CPU.Build.0 = Debug|Any CPU
		{9B12CFBD-A66D-40EB-9444-92D820E2BDCB}.Release|Any CPU.ActiveCfg = Release|Any CPU
		{9B12CFBD-A66D-40EB-9444-92D820E2BDCB}.Release|Any CPU.Build.0 = Release|Any CPU
	EndGlobalSection
	GlobalSection(SolutionProperties) = preSolution
		HideSolutionNode = FALSE
	EndGlobalSection
	GlobalSection(ExtensibilityGlobals) = postSolution
		SolutionGuid = {FB43D1CC-A9D1-4E30-BE08-6618F2203149}
	EndGlobalSection
EndGlobal
